
Microsoft Visual Studio Solution File, Format Version 12.00
# Visual Studio Version 16
VisualStudioVersion = 16.0.30011.22
MinimumVisualStudioVersion = 10.0.40219.1
Project("{FAE04EC0-301F-11D3-BF4B-00C04F79EFBC}") = "Without", "Without.csproj", "{61F5C24E-C80E-4F51-832E-4D16BDC0B18A}"
EndProject
Global
	GlobalSection(SolutionConfigurationPlatforms) = preSolution
		Debug|Any CPU = Debug|Any CPU
		Release|Any CPU = Release|Any CPU
	EndGlobalSection
	GlobalSection(ProjectConfigurationPlatforms) = postSolution
		{61F5C24E-C80E-4F51-832E-4D16BDC0B18A}.Debug|Any CPU.ActiveCfg = Debug|Any CPU
		{61F5C24E-C80E-4F51-832E-4D16BDC0B18A}.Debug|Any CPU.Build.0 = Debug|Any CPU
		{61F5C24E-C80E-4F51-832E-4D16BDC0B18A}.Release|Any CPU.ActiveCfg = Release|Any CPU
		{61F5C24E-C80E-4F51-832E-4D16BDC0B18A}.Release|Any CPU.Build.0 = Release|Any CPU
	EndGlobalSection
	GlobalSection(SolutionProperties) = preSolution
		HideSolutionNode = FALSE
	EndGlobalSection
	GlobalSection(ExtensibilityGlobals) = postSolution
		SolutionGuid = {F7875BED-769D-4D9E-B69C-F46516D91158}
	EndGlobalSection
EndGlobal
