
Microsoft Visual Studio Solution File, Format Version 12.00
# Visual Studio Version 16
VisualStudioVersion = 16.0.30011.22
MinimumVisualStudioVersion = 10.0.40219.1
Project("{FAE04EC0-301F-11D3-BF4B-00C04F79EFBC}") = "Exercicio_Novo_1", "Exercicio_Novo_1.csproj", "{01A05B5B-153E-4F90-8B4B-044959491A11}"
EndProject
Global
	GlobalSection(SolutionConfigurationPlatforms) = preSolution
		Debug|Any CPU = Debug|Any CPU
		Release|Any CPU = Release|Any CPU
	EndGlobalSection
	GlobalSection(ProjectConfigurationPlatforms) = postSolution
		{01A05B5B-153E-4F90-8B4B-044959491A11}.Debug|Any CPU.ActiveCfg = Debug|Any CPU
		{01A05B5B-153E-4F90-8B4B-044959491A11}.Debug|Any CPU.Build.0 = Debug|Any CPU
		{01A05B5B-153E-4F90-8B4B-044959491A11}.Release|Any CPU.ActiveCfg = Release|Any CPU
		{01A05B5B-153E-4F90-8B4B-044959491A11}.Release|Any CPU.Build.0 = Release|Any CPU
	EndGlobalSection
	GlobalSection(SolutionProperties) = preSolution
		HideSolutionNode = FALSE
	EndGlobalSection
	GlobalSection(ExtensibilityGlobals) = postSolution
		SolutionGuid = {FDB0B3E9-AA35-4B1B-B6C0-5532E2ACE0EB}
	EndGlobalSection
EndGlobal
