
Microsoft Visual Studio Solution File, Format Version 12.00
# Visual Studio Version 16
VisualStudioVersion = 16.0.30011.22
MinimumVisualStudioVersion = 10.0.40219.1
Project("{FAE04EC0-301F-11D3-BF4B-00C04F79EFBC}") = "Exercicio_Resolvido", "Exercicio_Resolvido.csproj", "{36BA3777-641A-45B0-95D1-D703F2FB69C2}"
EndProject
Global
	GlobalSection(SolutionConfigurationPlatforms) = preSolution
		Debug|Any CPU = Debug|Any CPU
		Release|Any CPU = Release|Any CPU
	EndGlobalSection
	GlobalSection(ProjectConfigurationPlatforms) = postSolution
		{36BA3777-641A-45B0-95D1-D703F2FB69C2}.Debug|Any CPU.ActiveCfg = Debug|Any CPU
		{36BA3777-641A-45B0-95D1-D703F2FB69C2}.Debug|Any CPU.Build.0 = Debug|Any CPU
		{36BA3777-641A-45B0-95D1-D703F2FB69C2}.Release|Any CPU.ActiveCfg = Release|Any CPU
		{36BA3777-641A-45B0-95D1-D703F2FB69C2}.Release|Any CPU.Build.0 = Release|Any CPU
	EndGlobalSection
	GlobalSection(SolutionProperties) = preSolution
		HideSolutionNode = FALSE
	EndGlobalSection
	GlobalSection(ExtensibilityGlobals) = postSolution
		SolutionGuid = {BCD2840D-6D7C-43C9-A3E6-1E97F6EBB951}
	EndGlobalSection
EndGlobal
