
Microsoft Visual Studio Solution File, Format Version 12.00
# Visual Studio Version 16
VisualStudioVersion = 16.0.30011.22
MinimumVisualStudioVersion = 10.0.40219.1
Project("{FAE04EC0-301F-11D3-BF4B-00C04F79EFBC}") = "Exercicio_1", "Exercicio_1.csproj", "{4396FB4F-2319-45A2-AFC6-D9FD30844BF6}"
EndProject
Project("{2150E333-8FDC-42A3-9474-1A3956D46DE8}") = "Exercício 1", "Exercício 1", "{7BDCCC9B-62E3-47C5-B825-EB1959DCEAE5}"
EndProject
Project("{2150E333-8FDC-42A3-9474-1A3956D46DE8}") = "Exercício 2", "Exercício 2", "{D5EB3F9F-B4BB-44B8-BCB2-189279FBABA9}"
EndProject
Project("{FAE04EC0-301F-11D3-BF4B-00C04F79EFBC}") = "Exercicio_2", "..\Exercicio_2\Exercicio_2.csproj", "{7D10A0C8-7743-4972-9F84-906CABE6327A}"
EndProject
Project("{2150E333-8FDC-42A3-9474-1A3956D46DE8}") = "Exercício 3", "Exercício 3", "{52DCF8BC-8814-4C26-B54E-9E5BE60E0B07}"
EndProject
Project("{FAE04EC0-301F-11D3-BF4B-00C04F79EFBC}") = "Exercicio_3", "..\Exercicio_3\Exercicio_3.csproj", "{756D5231-E208-44BA-8B0C-D76174BAF8F9}"
EndProject
Project("{2150E333-8FDC-42A3-9474-1A3956D46DE8}") = "Exercício 4", "Exercício 4", "{4F562E85-9269-4516-A73D-891126145FBB}"
EndProject
Project("{FAE04EC0-301F-11D3-BF4B-00C04F79EFBC}") = "Exercicio_4", "..\Exercicio_4\Exercicio_4.csproj", "{50D105F9-DF11-4A14-BB25-29883B66CAED}"
EndProject
Project("{2150E333-8FDC-42A3-9474-1A3956D46DE8}") = "Exercício 5", "Exercício 5", "{F07813F4-9E9B-4FCA-B869-C58A1D2BF326}"
EndProject
Project("{FAE04EC0-301F-11D3-BF4B-00C04F79EFBC}") = "Exercicio_5", "..\Exercicio_5\Exercicio_5.csproj", "{71EC7294-46E7-4C1E-92AE-AD6B3EDD51F4}"
EndProject
Project("{2150E333-8FDC-42A3-9474-1A3956D46DE8}") = "Exercício 6", "Exercício 6", "{1351B899-1C2D-49ED-B139-F76973E0D0D8}"
EndProject
Project("{FAE04EC0-301F-11D3-BF4B-00C04F79EFBC}") = "Exercicio_6", "..\Exercicio_6\Exercicio_6.csproj", "{E44093D0-5771-40F7-890C-F16E69400458}"
EndProject
Project("{2150E333-8FDC-42A3-9474-1A3956D46DE8}") = "Exercício 7", "Exercício 7", "{C88CA4EE-D007-405F-A0DB-7277B880D2D7}"
EndProject
Project("{FAE04EC0-301F-11D3-BF4B-00C04F79EFBC}") = "Exercicio_7", "..\Exercicio_7\Exercicio_7.csproj", "{5FA9E752-24AB-461E-834E-5BAC12686730}"
EndProject
Global
	GlobalSection(SolutionConfigurationPlatforms) = preSolution
		Debug|Any CPU = Debug|Any CPU
		Release|Any CPU = Release|Any CPU
	EndGlobalSection
	GlobalSection(ProjectConfigurationPlatforms) = postSolution
		{4396FB4F-2319-45A2-AFC6-D9FD30844BF6}.Debug|Any CPU.ActiveCfg = Debug|Any CPU
		{4396FB4F-2319-45A2-AFC6-D9FD30844BF6}.Debug|Any CPU.Build.0 = Debug|Any CPU
		{4396FB4F-2319-45A2-AFC6-D9FD30844BF6}.Release|Any CPU.ActiveCfg = Release|Any CPU
		{4396FB4F-2319-45A2-AFC6-D9FD30844BF6}.Release|Any CPU.Build.0 = Release|Any CPU
		{7D10A0C8-7743-4972-9F84-906CABE6327A}.Debug|Any CPU.ActiveCfg = Debug|Any CPU
		{7D10A0C8-7743-4972-9F84-906CABE6327A}.Debug|Any CPU.Build.0 = Debug|Any CPU
		{7D10A0C8-7743-4972-9F84-906CABE6327A}.Release|Any CPU.ActiveCfg = Release|Any CPU
		{7D10A0C8-7743-4972-9F84-906CABE6327A}.Release|Any CPU.Build.0 = Release|Any CPU
		{756D5231-E208-44BA-8B0C-D76174BAF8F9}.Debug|Any CPU.ActiveCfg = Debug|Any CPU
		{756D5231-E208-44BA-8B0C-D76174BAF8F9}.Debug|Any CPU.Build.0 = Debug|Any CPU
		{756D5231-E208-44BA-8B0C-D76174BAF8F9}.Release|Any CPU.ActiveCfg = Release|Any CPU
		{756D5231-E208-44BA-8B0C-D76174BAF8F9}.Release|Any CPU.Build.0 = Release|Any CPU
		{50D105F9-DF11-4A14-BB25-29883B66CAED}.Debug|Any CPU.ActiveCfg = Debug|Any CPU
		{50D105F9-DF11-4A14-BB25-29883B66CAED}.Debug|Any CPU.Build.0 = Debug|Any CPU
		{50D105F9-DF11-4A14-BB25-29883B66CAED}.Release|Any CPU.ActiveCfg = Release|Any CPU
		{50D105F9-DF11-4A14-BB25-29883B66CAED}.Release|Any CPU.Build.0 = Release|Any CPU
		{71EC7294-46E7-4C1E-92AE-AD6B3EDD51F4}.Debug|Any CPU.ActiveCfg = Debug|Any CPU
		{71EC7294-46E7-4C1E-92AE-AD6B3EDD51F4}.Debug|Any CPU.Build.0 = Debug|Any CPU
		{71EC7294-46E7-4C1E-92AE-AD6B3EDD51F4}.Release|Any CPU.ActiveCfg = Release|Any CPU
		{71EC7294-46E7-4C1E-92AE-AD6B3EDD51F4}.Release|Any CPU.Build.0 = Release|Any CPU
		{E44093D0-5771-40F7-890C-F16E69400458}.Debug|Any CPU.ActiveCfg = Debug|Any CPU
		{E44093D0-5771-40F7-890C-F16E69400458}.Debug|Any CPU.Build.0 = Debug|Any CPU
		{E44093D0-5771-40F7-890C-F16E69400458}.Release|Any CPU.ActiveCfg = Release|Any CPU
		{E44093D0-5771-40F7-890C-F16E69400458}.Release|Any CPU.Build.0 = Release|Any CPU
		{5FA9E752-24AB-461E-834E-5BAC12686730}.Debug|Any CPU.ActiveCfg = Debug|Any CPU
		{5FA9E752-24AB-461E-834E-5BAC12686730}.Debug|Any CPU.Build.0 = Debug|Any CPU
		{5FA9E752-24AB-461E-834E-5BAC12686730}.Release|Any CPU.ActiveCfg = Release|Any CPU
		{5FA9E752-24AB-461E-834E-5BAC12686730}.Release|Any CPU.Build.0 = Release|Any CPU
	EndGlobalSection
	GlobalSection(SolutionProperties) = preSolution
		HideSolutionNode = FALSE
	EndGlobalSection
	GlobalSection(NestedProjects) = preSolution
		{4396FB4F-2319-45A2-AFC6-D9FD30844BF6} = {7BDCCC9B-62E3-47C5-B825-EB1959DCEAE5}
		{7D10A0C8-7743-4972-9F84-906CABE6327A} = {D5EB3F9F-B4BB-44B8-BCB2-189279FBABA9}
		{756D5231-E208-44BA-8B0C-D76174BAF8F9} = {52DCF8BC-8814-4C26-B54E-9E5BE60E0B07}
		{50D105F9-DF11-4A14-BB25-29883B66CAED} = {4F562E85-9269-4516-A73D-891126145FBB}
		{71EC7294-46E7-4C1E-92AE-AD6B3EDD51F4} = {F07813F4-9E9B-4FCA-B869-C58A1D2BF326}
		{E44093D0-5771-40F7-890C-F16E69400458} = {1351B899-1C2D-49ED-B139-F76973E0D0D8}
		{5FA9E752-24AB-461E-834E-5BAC12686730} = {C88CA4EE-D007-405F-A0DB-7277B880D2D7}
	EndGlobalSection
	GlobalSection(ExtensibilityGlobals) = postSolution
		SolutionGuid = {BB6B5090-4E3E-4AC2-BD3F-F3F2DA253C76}
	EndGlobalSection
EndGlobal
