
Microsoft Visual Studio Solution File, Format Version 12.00
# Visual Studio Version 16
VisualStudioVersion = 16.0.30011.22
MinimumVisualStudioVersion = 10.0.40219.1
Project("{FAE04EC0-301F-11D3-BF4B-00C04F79EFBC}") = "Varivael_Var", "Varivael_Var.csproj", "{8AFBE2F9-A25F-4D52-ACF6-546CF012CBED}"
EndProject
Global
	GlobalSection(SolutionConfigurationPlatforms) = preSolution
		Debug|Any CPU = Debug|Any CPU
		Release|Any CPU = Release|Any CPU
	EndGlobalSection
	GlobalSection(ProjectConfigurationPlatforms) = postSolution
		{8AFBE2F9-A25F-4D52-ACF6-546CF012CBED}.Debug|Any CPU.ActiveCfg = Debug|Any CPU
		{8AFBE2F9-A25F-4D52-ACF6-546CF012CBED}.Debug|Any CPU.Build.0 = Debug|Any CPU
		{8AFBE2F9-A25F-4D52-ACF6-546CF012CBED}.Release|Any CPU.ActiveCfg = Release|Any CPU
		{8AFBE2F9-A25F-4D52-ACF6-546CF012CBED}.Release|Any CPU.Build.0 = Release|Any CPU
	EndGlobalSection
	GlobalSection(SolutionProperties) = preSolution
		HideSolutionNode = FALSE
	EndGlobalSection
	GlobalSection(ExtensibilityGlobals) = postSolution
		SolutionGuid = {698621D2-7221-4B50-B4F5-17660C1ED492}
	EndGlobalSection
EndGlobal
