
Microsoft Visual Studio Solution File, Format Version 12.00
# Visual Studio Version 16
VisualStudioVersion = 16.0.30104.148
MinimumVisualStudioVersion = 10.0.40219.1
Project("{FAE04EC0-301F-11D3-BF4B-00C04F79EFBC}") = "SalesWebMvc", "SalesWebMvc\SalesWebMvc.csproj", "{50472D41-FA6F-48BC-BB24-2F34D6ADB24E}"
EndProject
Global
	GlobalSection(SolutionConfigurationPlatforms) = preSolution
		Debug|Any CPU = Debug|Any CPU
		Release|Any CPU = Release|Any CPU
	EndGlobalSection
	GlobalSection(ProjectConfigurationPlatforms) = postSolution
		{50472D41-FA6F-48BC-BB24-2F34D6ADB24E}.Debug|Any CPU.ActiveCfg = Debug|Any CPU
		{50472D41-FA6F-48BC-BB24-2F34D6ADB24E}.Debug|Any CPU.Build.0 = Debug|Any CPU
		{50472D41-FA6F-48BC-BB24-2F34D6ADB24E}.Release|Any CPU.ActiveCfg = Release|Any CPU
		{50472D41-FA6F-48BC-BB24-2F34D6ADB24E}.Release|Any CPU.Build.0 = Release|Any CPU
	EndGlobalSection
	GlobalSection(SolutionProperties) = preSolution
		HideSolutionNode = FALSE
	EndGlobalSection
	GlobalSection(ExtensibilityGlobals) = postSolution
		SolutionGuid = {1917C5D5-9756-4D98-88A6-1E7E7506447B}
	EndGlobalSection
EndGlobal
