
Microsoft Visual Studio Solution File, Format Version 12.00
# Visual Studio Version 16
VisualStudioVersion = 16.0.30011.22
MinimumVisualStudioVersion = 10.0.40219.1
Project("{FAE04EC0-301F-11D3-BF4B-00C04F79EFBC}") = "Sobreposicao", "Sobreposicao.csproj", "{9C597159-438F-4AED-AC4F-ED388DE60F37}"
EndProject
Global
	GlobalSection(SolutionConfigurationPlatforms) = preSolution
		Debug|Any CPU = Debug|Any CPU
		Release|Any CPU = Release|Any CPU
	EndGlobalSection
	GlobalSection(ProjectConfigurationPlatforms) = postSolution
		{9C597159-438F-4AED-AC4F-ED388DE60F37}.Debug|Any CPU.ActiveCfg = Debug|Any CPU
		{9C597159-438F-4AED-AC4F-ED388DE60F37}.Debug|Any CPU.Build.0 = Debug|Any CPU
		{9C597159-438F-4AED-AC4F-ED388DE60F37}.Release|Any CPU.ActiveCfg = Release|Any CPU
		{9C597159-438F-4AED-AC4F-ED388DE60F37}.Release|Any CPU.Build.0 = Release|Any CPU
	EndGlobalSection
	GlobalSection(SolutionProperties) = preSolution
		HideSolutionNode = FALSE
	EndGlobalSection
	GlobalSection(ExtensibilityGlobals) = postSolution
		SolutionGuid = {7C0F8DCB-DFCB-4A72-9DDB-183F63A27C63}
	EndGlobalSection
EndGlobal
